
Microsoft Visual Studio Solution File, Format Version 12.00
# Visual Studio Version 16
VisualStudioVersion = 16.0.31410.357
MinimumVisualStudioVersion = 10.0.40219.1
Project("{FAE04EC0-301F-11D3-BF4B-00C04F79EFBC}") = "AdventOfCodeDay10", "AdventOfCodeDay10\AdventOfCodeDay10.csproj", "{0EBD7A43-C836-45F3-98A6-4F98008EEF66}"
EndProject
Global
	GlobalSection(SolutionConfigurationPlatforms) = preSolution
		Debug|Any CPU = Debug|Any CPU
		Release|Any CPU = Release|Any CPU
	EndGlobalSection
	GlobalSection(ProjectConfigurationPlatforms) = postSolution
		{0EBD7A43-C836-45F3-98A6-4F98008EEF66}.Debug|Any CPU.ActiveCfg = Debug|Any CPU
		{0EBD7A43-C836-45F3-98A6-4F98008EEF66}.Debug|Any CPU.Build.0 = Debug|Any CPU
		{0EBD7A43-C836-45F3-98A6-4F98008EEF66}.Release|Any CPU.ActiveCfg = Release|Any CPU
		{0EBD7A43-C836-45F3-98A6-4F98008EEF66}.Release|Any CPU.Build.0 = Release|Any CPU
	EndGlobalSection
	GlobalSection(SolutionProperties) = preSolution
		HideSolutionNode = FALSE
	EndGlobalSection
	GlobalSection(ExtensibilityGlobals) = postSolution
		SolutionGuid = {9CBDF94A-4BCD-4768-92C6-9CDEB92708F0}
	EndGlobalSection
EndGlobal
